<?xml version="1.0" encoding="utf-8"?>
<Project ToolsVersion="4.0" xmlns="http://schemas.microsoft.com/developer/msbuild/2003">
  <ItemGroup>
    <Filter Include="source">
      <UniqueIdentifier>{4FC737F1-C7A5-4376-A066-2A32D752A2FF}</UniqueIdentifier>
      <Extensions>cpp;c;cc;cxx;def;odl;idl;hpj;bat;asm;asmx</Extensions>
    </Filter>
    <Filter Include="resources">
      <UniqueIdentifier>{1bce8b1c-6685-42ff-94a6-ede318f51308}</UniqueIdentifier>
    </Filter>
  </ItemGroup>
  <ItemGroup>
    <ClCompile Include="..\..\source\CApplication.cpp">
      <Filter>source</Filter>
    </ClCompile>
    <ClCompile Include="..\..\source\CCtlMainFrame.cpp">
      <Filter>source</Filter>
    </ClCompile>
    <ClCompile Include="..\..\source\CCtlContent.cpp">
      <Filter>source</Filter>
    </ClCompile>
    <ClCompile Include="..\..\source\CCtlTitleBar.cpp">
      <Filter>source</Filter>
    </ClCompile>
    <ClCompile Include="..\..\source\CDlgAbout.cpp">
      <Filter>source</Filter>
    </ClCompile>
  </ItemGroup>
  <ItemGroup>
    <Image Include="..\..\rsc\AboutDlg.png">
      <Filter>resources</Filter>
    </Image>
    <Image Include="wintest.ico">
      <Filter>resources</Filter>
    </Image>
    <Image Include="..\..\rsc\Arabic.png">
      <Filter>resources</Filter>
    </Image>
  </ItemGroup>
  <ItemGroup>
    <None Include="..\..\rsc\wintest.mnu">
      <Filter>resources</Filter>
    </None>
    <None Include="..\..\rsc\wintest.html">
      <Filter>resources</Filter>
    </None>
  </ItemGroup>
  <ItemGroup>
    <Resource Include="..\..\rsc\wintest.rsc">
      <Filter>resources</Filter>
    </Resource>
  </ItemGroup>
  <ItemGroup>
    <ClInclude Include="resource.h">
      <Filter>resources</Filter>
    </ClInclude>
    <ClInclude Include="..\..\source\rscid.h">
      <Filter>source</Filter>
    </ClInclude>
  </ItemGroup>
  <ItemGroup>
    <ResourceCompile Include="wintest.rc">
      <Filter>resources</Filter>
    </ResourceCompile>
  </ItemGroup>
</Project>